
Microsoft Visual Studio Solution File, Format Version 11.00
# Visual Studio 2010
Project("{FAE04EC0-301F-11D3-BF4B-00C04F79EFBC}") = "Nice.Ukps", "Nice.Ukps\Nice.Ukps.csproj", "{1DBD1D6D-A368-4A30-A72D-0139A352D568}"
EndProject
Project("{FAE04EC0-301F-11D3-BF4B-00C04F79EFBC}") = "Nice.Ukps.Spec", "..\Nice.Ukps.Spec\Nice.Ukps.Spec\Nice.Ukps.Spec.csproj", "{BD415E9B-D110-43DE-BA2B-E78FD8DAF6EC}"
EndProject
Global
	GlobalSection(SolutionConfigurationPlatforms) = preSolution
		Debug|Any CPU = Debug|Any CPU
		Release|Any CPU = Release|Any CPU
	EndGlobalSection
	GlobalSection(ProjectConfigurationPlatforms) = postSolution
		{1DBD1D6D-A368-4A30-A72D-0139A352D568}.Debug|Any CPU.ActiveCfg = Debug|Any CPU
		{1DBD1D6D-A368-4A30-A72D-0139A352D568}.Debug|Any CPU.Build.0 = Debug|Any CPU
		{1DBD1D6D-A368-4A30-A72D-0139A352D568}.Release|Any CPU.ActiveCfg = Release|Any CPU
		{1DBD1D6D-A368-4A30-A72D-0139A352D568}.Release|Any CPU.Build.0 = Release|Any CPU
		{BD415E9B-D110-43DE-BA2B-E78FD8DAF6EC}.Debug|Any CPU.ActiveCfg = Debug|Any CPU
		{BD415E9B-D110-43DE-BA2B-E78FD8DAF6EC}.Debug|Any CPU.Build.0 = Debug|Any CPU
		{BD415E9B-D110-43DE-BA2B-E78FD8DAF6EC}.Release|Any CPU.ActiveCfg = Release|Any CPU
		{BD415E9B-D110-43DE-BA2B-E78FD8DAF6EC}.Release|Any CPU.Build.0 = Release|Any CPU
	EndGlobalSection
	GlobalSection(SolutionProperties) = preSolution
		HideSolutionNode = FALSE
	EndGlobalSection
EndGlobal
